
Microsoft Visual Studio Solution File, Format Version 12.00
# Visual Studio Version 17
VisualStudioVersion = 17.0.31903.59
MinimumVisualStudioVersion = 10.0.40219.1
Project("{FAE04EC0-301F-11D3-BF4B-00C04F79EFBC}") = "Fina.Api", "Fina.Api\Fina.Api.csproj", "{6617D369-B9A5-42AB-A073-493EBD863A09}"
EndProject
Project("{FAE04EC0-301F-11D3-BF4B-00C04F79EFBC}") = "Fina.Core", "Fina.Core\Fina.Core.csproj", "{A4425C13-6D57-4183-8095-C565B2FBE991}"
EndProject
Project("{FAE04EC0-301F-11D3-BF4B-00C04F79EFBC}") = "Fina.Web", "Fina.Web\Fina.Web.csproj", "{2375C0D8-D390-452E-B365-A837B1D501C3}"
EndProject
Global
	GlobalSection(SolutionConfigurationPlatforms) = preSolution
		Debug|Any CPU = Debug|Any CPU
		Release|Any CPU = Release|Any CPU
	EndGlobalSection
	GlobalSection(SolutionProperties) = preSolution
		HideSolutionNode = FALSE
	EndGlobalSection
	GlobalSection(ProjectConfigurationPlatforms) = postSolution
		{6617D369-B9A5-42AB-A073-493EBD863A09}.Debug|Any CPU.ActiveCfg = Debug|Any CPU
		{6617D369-B9A5-42AB-A073-493EBD863A09}.Debug|Any CPU.Build.0 = Debug|Any CPU
		{6617D369-B9A5-42AB-A073-493EBD863A09}.Release|Any CPU.ActiveCfg = Release|Any CPU
		{6617D369-B9A5-42AB-A073-493EBD863A09}.Release|Any CPU.Build.0 = Release|Any CPU
		{A4425C13-6D57-4183-8095-C565B2FBE991}.Debug|Any CPU.ActiveCfg = Debug|Any CPU
		{A4425C13-6D57-4183-8095-C565B2FBE991}.Debug|Any CPU.Build.0 = Debug|Any CPU
		{A4425C13-6D57-4183-8095-C565B2FBE991}.Release|Any CPU.ActiveCfg = Release|Any CPU
		{A4425C13-6D57-4183-8095-C565B2FBE991}.Release|Any CPU.Build.0 = Release|Any CPU
		{2375C0D8-D390-452E-B365-A837B1D501C3}.Debug|Any CPU.ActiveCfg = Debug|Any CPU
		{2375C0D8-D390-452E-B365-A837B1D501C3}.Debug|Any CPU.Build.0 = Debug|Any CPU
		{2375C0D8-D390-452E-B365-A837B1D501C3}.Release|Any CPU.ActiveCfg = Release|Any CPU
		{2375C0D8-D390-452E-B365-A837B1D501C3}.Release|Any CPU.Build.0 = Release|Any CPU
	EndGlobalSection
EndGlobal
